// !$*UTF8*$!
{
	archiveVersion = 1;
	classes = {
	};
	objectVersion = 50;
	objects = {

/* Begin PBXBuildFile section */
		6516C7D720E5D69300A021DA /* AppDelegate.swift in Sources */ = {isa = PBXBuildFile; fileRef = 6516C7D620E5D69300A021DA /* AppDelegate.swift */; };
		6516C7D920E5D69300A021DA /* ViewController.swift in Sources */ = {isa = PBXBuildFile; fileRef = 6516C7D820E5D69300A021DA /* ViewController.swift */; };
		6516C7DE20E5D69600A021DA /* Assets.xcassets in Resources */ = {isa = PBXBuildFile; fileRef = 6516C7DD20E5D69600A021DA /* Assets.xcassets */; };
		6516C7E920E5D8E500A021DA /* DetailTableViewController.swift in Sources */ = {isa = PBXBuildFile; fileRef = 6516C7E820E5D8E500A021DA /* DetailTableViewController.swift */; };
		6516C7EB20E5DB6B00A021DA /* Main.storyboard in Resources */ = {isa = PBXBuildFile; fileRef = 6516C7EA20E5DB6B00A021DA /* Main.storyboard */; };
		6516C7ED20E5DED400A021DA /* CharacterTableViewController.swift in Sources */ = {isa = PBXBuildFile; fileRef = 6516C7EC20E5DED400A021DA /* CharacterTableViewController.swift */; };
		6516C7EF20E6826000A021DA /* CreateCharacterViewController.swift in Sources */ = {isa = PBXBuildFile; fileRef = 6516C7EE20E6826000A021DA /* CreateCharacterViewController.swift */; };
		6516C7F120E6882500A021DA /* Database.swift in Sources */ = {isa = PBXBuildFile; fileRef = 6516C7F020E6882500A021DA /* Database.swift */; };
		6516C7F320E6D1AA00A021DA /* Character.swift in Sources */ = {isa = PBXBuildFile; fileRef = 6516C7F220E6D1AA00A021DA /* Character.swift */; };
		65A9E40F20EBC0200038D801 /* CombatViewController.swift in Sources */ = {isa = PBXBuildFile; fileRef = 65A9E40E20EBC0200038D801 /* CombatViewController.swift */; };
		65D1A4E120F3B8CD000198FC /* CombatViewCell.swift in Sources */ = {isa = PBXBuildFile; fileRef = 65D1A4E020F3B8CD000198FC /* CombatViewCell.swift */; };
/* End PBXBuildFile section */

/* Begin PBXFileReference section */
		6516C7D320E5D69300A021DA /* CombatMatrixiOS.app */ = {isa = PBXFileReference; explicitFileType = wrapper.application; includeInIndex = 0; path = CombatMatrixiOS.app; sourceTree = BUILT_PRODUCTS_DIR; };
		6516C7D620E5D69300A021DA /* AppDelegate.swift */ = {isa = PBXFileReference; lastKnownFileType = sourcecode.swift; path = AppDelegate.swift; sourceTree = "<group>"; };
		6516C7D820E5D69300A021DA /* ViewController.swift */ = {isa = PBXFileReference; lastKnownFileType = sourcecode.swift; path = ViewController.swift; sourceTree = "<group>"; };
		6516C7DD20E5D69600A021DA /* Assets.xcassets */ = {isa = PBXFileReference; lastKnownFileType = folder.assetcatalog; path = Assets.xcassets; sourceTree = "<group>"; };
		6516C7E220E5D69600A021DA /* Info.plist */ = {isa = PBXFileReference; lastKnownFileType = text.plist.xml; path = Info.plist; sourceTree = "<group>"; };
		6516C7E820E5D8E500A021DA /* DetailTableViewController.swift */ = {isa = PBXFileReference; lastKnownFileType = sourcecode.swift; path = DetailTableViewController.swift; sourceTree = "<group>"; };
		6516C7EA20E5DB6B00A021DA /* Main.storyboard */ = {isa = PBXFileReference; lastKnownFileType = file.storyboard; path = Main.storyboard; sourceTree = "<group>"; };
		6516C7EC20E5DED400A021DA /* CharacterTableViewController.swift */ = {isa = PBXFileReference; lastKnownFileType = sourcecode.swift; path = CharacterTableViewController.swift; sourceTree = "<group>"; };
		6516C7EE20E6826000A021DA /* CreateCharacterViewController.swift */ = {isa = PBXFileReference; lastKnownFileType = sourcecode.swift; path = CreateCharacterViewController.swift; sourceTree = "<group>"; };
		6516C7F020E6882500A021DA /* Database.swift */ = {isa = PBXFileReference; lastKnownFileType = sourcecode.swift; path = Database.swift; sourceTree = "<group>"; };
		6516C7F220E6D1AA00A021DA /* Character.swift */ = {isa = PBXFileReference; lastKnownFileType = sourcecode.swift; path = Character.swift; sourceTree = "<group>"; };
		65A9E40E20EBC0200038D801 /* CombatViewController.swift */ = {isa = PBXFileReference; lastKnownFileType = sourcecode.swift; path = CombatViewController.swift; sourceTree = "<group>"; };
		65D1A4E020F3B8CD000198FC /* CombatViewCell.swift */ = {isa = PBXFileReference; lastKnownFileType = sourcecode.swift; path = CombatViewCell.swift; sourceTree = "<group>"; };
/* End PBXFileReference section */

/* Begin PBXFrameworksBuildPhase section */
		6516C7D020E5D69200A021DA /* Frameworks */ = {
			isa = PBXFrameworksBuildPhase;
			buildActionMask = 2147483647;
			files = (
			);
			runOnlyForDeploymentPostprocessing = 0;
		};
/* End PBXFrameworksBuildPhase section */

/* Begin PBXGroup section */
		6516C7CA20E5D69200A021DA = {
			isa = PBXGroup;
			children = (
				6516C7D520E5D69300A021DA /* CombatMatrixiOS */,
				6516C7D420E5D69300A021DA /* Products */,
			);
			sourceTree = "<group>";
		};
		6516C7D420E5D69300A021DA /* Products */ = {
			isa = PBXGroup;
			children = (
				6516C7D320E5D69300A021DA /* CombatMatrixiOS.app */,
			);
			name = Products;
			sourceTree = "<group>";
		};
		6516C7D520E5D69300A021DA /* CombatMatrixiOS */ = {
			isa = PBXGroup;
			children = (
				65D1A4E020F3B8CD000198FC /* CombatViewCell.swift */,
				65A9E40E20EBC0200038D801 /* CombatViewController.swift */,
				6516C7F020E6882500A021DA /* Database.swift */,
				6516C7EE20E6826000A021DA /* CreateCharacterViewController.swift */,
				6516C7F220E6D1AA00A021DA /* Character.swift */,
				6516C7E820E5D8E500A021DA /* DetailTableViewController.swift */,
				6516C7EC20E5DED400A021DA /* CharacterTableViewController.swift */,
				6516C7D620E5D69300A021DA /* AppDelegate.swift */,
				6516C7D820E5D69300A021DA /* ViewController.swift */,
				6516C7DD20E5D69600A021DA /* Assets.xcassets */,
				6516C7EA20E5DB6B00A021DA /* Main.storyboard */,
				6516C7E220E5D69600A021DA /* Info.plist */,
			);
			path = CombatMatrixiOS;
			sourceTree = "<group>";
		};
/* End PBXGroup section */

/* Begin PBXNativeTarget section */
		6516C7D220E5D69200A021DA /* CombatMatrixiOS */ = {
			isa = PBXNativeTarget;
			buildConfigurationList = 6516C7E520E5D69600A021DA /* Build configuration list for PBXNativeTarget "CombatMatrixiOS" */;
			buildPhases = (
				6516C7CF20E5D69200A021DA /* Sources */,
				6516C7D020E5D69200A021DA /* Frameworks */,
				6516C7D120E5D69200A021DA /* Resources */,
			);
			buildRules = (
			);
			dependencies = (
			);
			name = CombatMatrixiOS;
			productName = CombatMatrixiOS;
			productReference = 6516C7D320E5D69300A021DA /* CombatMatrixiOS.app */;
			productType = "com.apple.product-type.application";
		};
/* End PBXNativeTarget section */

/* Begin PBXProject section */
		6516C7CB20E5D69200A021DA /* Project object */ = {
			isa = PBXProject;
			attributes = {
				LastSwiftUpdateCheck = 0940;
				LastUpgradeCheck = 0940;
				ORGANIZATIONNAME = "Paul Hebert";
				TargetAttributes = {
					6516C7D220E5D69200A021DA = {
						CreatedOnToolsVersion = 9.4.1;
					};
				};
			};
			buildConfigurationList = 6516C7CE20E5D69200A021DA /* Build configuration list for PBXProject "CombatMatrixiOS" */;
			compatibilityVersion = "Xcode 9.3";
			developmentRegion = en;
			hasScannedForEncodings = 0;
			knownRegions = (
				en,
				Base,
			);
			mainGroup = 6516C7CA20E5D69200A021DA;
			productRefGroup = 6516C7D420E5D69300A021DA /* Products */;
			projectDirPath = "";
			projectRoot = "";
			targets = (
				6516C7D220E5D69200A021DA /* CombatMatrixiOS */,
			);
		};
/* End PBXProject section */

/* Begin PBXResourcesBuildPhase section */
		6516C7D120E5D69200A021DA /* Resources */ = {
			isa = PBXResourcesBuildPhase;
			buildActionMask = 2147483647;
			files = (
				6516C7EB20E5DB6B00A021DA /* Main.storyboard in Resources */,
				6516C7DE20E5D69600A021DA /* Assets.xcassets in Resources */,
			);
			runOnlyForDeploymentPostprocessing = 0;
		};
/* End PBXResourcesBuildPhase section */

/* Begin PBXSourcesBuildPhase section */
		6516C7CF20E5D69200A021DA /* Sources */ = {
			isa = PBXSourcesBuildPhase;
			buildActionMask = 2147483647;
			files = (
				6516C7F120E6882500A021DA /* Database.swift in Sources */,
				6516C7D920E5D69300A021DA /* ViewController.swift in Sources */,
				65A9E40F20EBC0200038D801 /* CombatViewController.swift in Sources */,
				6516C7F320E6D1AA00A021DA /* Character.swift in Sources */,
				6516C7EF20E6826000A021DA /* CreateCharacterViewController.swift in Sources */,
				6516C7ED20E5DED400A021DA /* CharacterTableViewController.swift in Sources */,
				6516C7E920E5D8E500A021DA /* DetailTableViewController.swift in Sources */,
				65D1A4E120F3B8CD000198FC /* CombatViewCell.swift in Sources */,
				6516C7D720E5D69300A021DA /* AppDelegate.swift in Sources */,
			);
			runOnlyForDeploymentPostprocessing = 0;
		};
/* End PBXSourcesBuildPhase section */

/* Begin XCBuildConfiguration section */
		6516C7E320E5D69600A021DA /* Debug */ = {
			isa = XCBuildConfiguration;
			buildSettings = {
				ALWAYS_SEARCH_USER_PATHS = NO;
				CLANG_ANALYZER_NONNULL = YES;
				CLANG_ANALYZER_NUMBER_OBJECT_CONVERSION = YES_AGGRESSIVE;
				CLANG_CXX_LANGUAGE_STANDARD = "gnu++14";
				CLANG_CXX_LIBRARY = "libc++";
				CLANG_ENABLE_MODULES = YES;
				CLANG_ENABLE_OBJC_ARC = YES;
				CLANG_ENABLE_OBJC_WEAK = YES;
				CLANG_WARN_BLOCK_CAPTURE_AUTORELEASING = YES;
				CLANG_WARN_BOOL_CONVERSION = YES;
				CLANG_WARN_COMMA = YES;
				CLANG_WARN_CONSTANT_CONVERSION = YES;
				CLANG_WARN_DEPRECATED_OBJC_IMPLEMENTATIONS = YES;
				CLANG_WARN_DIRECT_OBJC_ISA_USAGE = YES_ERROR;
				CLANG_WARN_DOCUMENTATION_COMMENTS = YES;
				CLANG_WARN_EMPTY_BODY = YES;
				CLANG_WARN_ENUM_CONVERSION = YES;
				CLANG_WARN_INFINITE_RECURSION = YES;
				CLANG_WARN_INT_CONVERSION = YES;
				CLANG_WARN_NON_LITERAL_NULL_CONVERSION = YES;
				CLANG_WARN_OBJC_IMPLICIT_RETAIN_SELF = YES;
				CLANG_WARN_OBJC_LITERAL_CONVERSION = YES;
				CLANG_WARN_OBJC_ROOT_CLASS = YES_ERROR;
				CLANG_WARN_RANGE_LOOP_ANALYSIS = YES;
				CLANG_WARN_STRICT_PROTOTYPES = YES;
				CLANG_WARN_SUSPICIOUS_MOVE = YES;
				CLANG_WARN_UNGUARDED_AVAILABILITY = YES_AGGRESSIVE;
				CLANG_WARN_UNREACHABLE_CODE = YES;
				CLANG_WARN__DUPLICATE_METHOD_MATCH = YES;
				CODE_SIGN_IDENTITY = "iPhone Developer";
				COPY_PHASE_STRIP = NO;
				DEBUG_INFORMATION_FORMAT = dwarf;
				ENABLE_STRICT_OBJC_MSGSEND = YES;
				ENABLE_TESTABILITY = YES;
				GCC_C_LANGUAGE_STANDARD = gnu11;
				GCC_DYNAMIC_NO_PIC = NO;
				GCC_NO_COMMON_BLOCKS = YES;
				GCC_OPTIMIZATION_LEVEL = 0;
				GCC_PREPROCESSOR_DEFINITIONS = (
					"DEBUG=1",
					"$(inherited)",
				);
				GCC_WARN_64_TO_32_BIT_CONVERSION = YES;
				GCC_WARN_ABOUT_RETURN_TYPE = YES_ERROR;
				GCC_WARN_UNDECLARED_SELECTOR = YES;
				GCC_WARN_UNINITIALIZED_AUTOS = YES_AGGRESSIVE;
				GCC_WARN_UNUSED_FUNCTION = YES;
				GCC_WARN_UNUSED_VARIABLE = YES;
				IPHONEOS_DEPLOYMENT_TARGET = 11.4;
				MTL_ENABLE_DEBUG_INFO = YES;
				ONLY_ACTIVE_ARCH = YES;
				SDKROOT = iphoneos;
				SWIFT_ACTIVE_COMPILATION_CONDITIONS = DEBUG;
				SWIFT_OPTIMIZATION_LEVEL = "-Onone";
			};
			name = Debug;
		};
		6516C7E420E5D69600A021DA /* Release */ = {
			isa = XCBuildConfiguration;
			buildSettings = {
				ALWAYS_SEARCH_USER_PATHS = NO;
				CLANG_ANALYZER_NONNULL = YES;
				CLANG_ANALYZER_NUMBER_OBJECT_CONVERSION = YES_AGGRESSIVE;
				CLANG_CXX_LANGUAGE_STANDARD = "gnu++14";
				CLANG_CXX_LIBRARY = "libc++";
				CLANG_ENABLE_MODULES = YES;
				CLANG_ENABLE_OBJC_ARC = YES;
				CLANG_ENABLE_OBJC_WEAK = YES;
				CLANG_WARN_BLOCK_CAPTURE_AUTORELEASING = YES;
				CLANG_WARN_BOOL_CONVERSION = YES;
				CLANG_WARN_COMMA = YES;
				CLANG_WARN_CONSTANT_CONVERSION = YES;
				CLANG_WARN_DEPRECATED_OBJC_IMPLEMENTATIONS = YES;
				CLANG_WARN_DIRECT_OBJC_ISA_USAGE = YES_ERROR;
				CLANG_WARN_DOCUMENTATION_COMMENTS = YES;
				CLANG_WARN_EMPTY_BODY = YES;
				CLANG_WARN_ENUM_CONVERSION = YES;
				CLANG_WARN_INFINITE_RECURSION = YES;
				CLANG_WARN_INT_CONVERSION = YES;
				CLANG_WARN_NON_LITERAL_NULL_CONVERSION = YES;
				CLANG_WARN_OBJC_IMPLICIT_RETAIN_SELF = YES;
				CLANG_WARN_OBJC_LITERAL_CONVERSION = YES;
				CLANG_WARN_OBJC_ROOT_CLASS = YES_ERROR;
				CLANG_WARN_RANGE_LOOP_ANALYSIS = YES;
				CLANG_WARN_STRICT_PROTOTYPES = YES;
				CLANG_WARN_SUSPICIOUS_MOVE = YES;
				CLANG_WARN_UNGUARDED_AVAILABILITY = YES_AGGRESSIVE;
				CLANG_WARN_UNREACHABLE_CODE = YES;
				CLANG_WARN__DUPLICATE_METHOD_MATCH = YES;
				CODE_SIGN_IDENTITY = "iPhone Developer";
				COPY_PHASE_STRIP = NO;
				DEBUG_INFORMATION_FORMAT = "dwarf-with-dsym";
				ENABLE_NS_ASSERTIONS = NO;
				ENABLE_STRICT_OBJC_MSGSEND = YES;
				GCC_C_LANGUAGE_STANDARD = gnu11;
				GCC_NO_COMMON_BLOCKS = YES;
				GCC_WARN_64_TO_32_BIT_CONVERSION = YES;
				GCC_WARN_ABOUT_RETURN_TYPE = YES_ERROR;
				GCC_WARN_UNDECLARED_SELECTOR = YES;
				GCC_WARN_UNINITIALIZED_AUTOS = YES_AGGRESSIVE;
				GCC_WARN_UNUSED_FUNCTION = YES;
				GCC_WARN_UNUSED_VARIABLE = YES;
				IPHONEOS_DEPLOYMENT_TARGET = 11.4;
				MTL_ENABLE_DEBUG_INFO = NO;
				SDKROOT = iphoneos;
				SWIFT_COMPILATION_MODE = wholemodule;
				SWIFT_OPTIMIZATION_LEVEL = "-O";
				VALIDATE_PRODUCT = YES;
			};
			name = Release;
		};
		6516C7E620E5D69600A021DA /* Debug */ = {
			isa = XCBuildConfiguration;
			buildSettings = {
				ASSETCATALOG_COMPILER_APPICON_NAME = AppIcon;
				CODE_SIGN_STYLE = Automatic;
				DEVELOPMENT_TEAM = FXGGZW729X;
				INFOPLIST_FILE = CombatMatrixiOS/Info.plist;
				LD_RUNPATH_SEARCH_PATHS = (
					"$(inherited)",
					"@executable_path/Frameworks",
				);
				PRODUCT_BUNDLE_IDENTIFIER = com.therxpx.CombatMatrixiOS;
				PRODUCT_NAME = "$(TARGET_NAME)";
				SWIFT_VERSION = 4.0;
				TARGETED_DEVICE_FAMILY = "1,2";
			};
			name = Debug;
		};
		6516C7E720E5D69600A021DA /* Release */ = {
			isa = XCBuildConfiguration;
			buildSettings = {
				ASSETCATALOG_COMPILER_APPICON_NAME = AppIcon;
				CODE_SIGN_STYLE = Automatic;
				DEVELOPMENT_TEAM = FXGGZW729X;
				INFOPLIST_FILE = CombatMatrixiOS/Info.plist;
				LD_RUNPATH_SEARCH_PATHS = (
					"$(inherited)",
					"@executable_path/Frameworks",
				);
				PRODUCT_BUNDLE_IDENTIFIER = com.therxpx.CombatMatrixiOS;
				PRODUCT_NAME = "$(TARGET_NAME)";
				SWIFT_VERSION = 4.0;
				TARGETED_DEVICE_FAMILY = "1,2";
			};
			name = Release;
		};
/* End XCBuildConfiguration section */

/* Begin XCConfigurationList section */
		6516C7CE20E5D69200A021DA /* Build configuration list for PBXProject "CombatMatrixiOS" */ = {
			isa = XCConfigurationList;
			buildConfigurations = (
				6516C7E320E5D69600A021DA /* Debug */,
				6516C7E420E5D69600A021DA /* Release */,
			);
			defaultConfigurationIsVisible = 0;
			defaultConfigurationName = Release;
		};
		6516C7E520E5D69600A021DA /* Build configuration list for PBXNativeTarget "CombatMatrixiOS" */ = {
			isa = XCConfigurationList;
			buildConfigurations = (
				6516C7E620E5D69600A021DA /* Debug */,
				6516C7E720E5D69600A021DA /* Release */,
			);
			defaultConfigurationIsVisible = 0;
			defaultConfigurationName = Release;
		};
/* End XCConfigurationList section */
	};
	rootObject = 6516C7CB20E5D69200A021DA /* Project object */;
}
